// !$*UTF8*$!
{
	archiveVersion = 1;
	classes = {
	};
	objectVersion = 55;
	objects = {

/* Begin PBXBuildFile section */
		A04B8B85281047B400F2677C /* MovieDetailView.swift in Sources */ = {isa = PBXBuildFile; fileRef = A04B8B84281047B400F2677C /* MovieDetailView.swift */; };
		A04B8B86281047B400F2677C /* MovieDetailView.swift in Sources */ = {isa = PBXBuildFile; fileRef = A04B8B84281047B400F2677C /* MovieDetailView.swift */; };
		A04B8B87281047B400F2677C /* MovieDetailView.swift in Sources */ = {isa = PBXBuildFile; fileRef = A04B8B84281047B400F2677C /* MovieDetailView.swift */; };
		A05D76E0281170A000B6B865 /* Genres.swift in Sources */ = {isa = PBXBuildFile; fileRef = A05D76DF2811709F00B6B865 /* Genres.swift */; };
		A05D76E2281170D800B6B865 /* GenresVM.swift in Sources */ = {isa = PBXBuildFile; fileRef = A05D76E1281170D800B6B865 /* GenresVM.swift */; };
		A08CD7552812901400929427 /* GenresListView.swift in Sources */ = {isa = PBXBuildFile; fileRef = A08CD7542812901400929427 /* GenresListView.swift */; };
		A0A6F2F92812E19C004893CE /* PosterView.swift in Sources */ = {isa = PBXBuildFile; fileRef = A0A6F2F82812E19C004893CE /* PosterView.swift */; };
		A0CA63E6280F0E580052DA57 /* PowerPlayApp.swift in Sources */ = {isa = PBXBuildFile; fileRef = A0CA63E5280F0E580052DA57 /* PowerPlayApp.swift */; };
		A0CA63E8280F0E580052DA57 /* PopularMoviesListView.swift in Sources */ = {isa = PBXBuildFile; fileRef = A0CA63E7280F0E580052DA57 /* PopularMoviesListView.swift */; };
		A0CA63EA280F0E5B0052DA57 /* Assets.xcassets in Resources */ = {isa = PBXBuildFile; fileRef = A0CA63E9280F0E5B0052DA57 /* Assets.xcassets */; };
		A0CA63ED280F0E5B0052DA57 /* Preview Assets.xcassets in Resources */ = {isa = PBXBuildFile; fileRef = A0CA63EC280F0E5B0052DA57 /* Preview Assets.xcassets */; };
		A0CA63EF280F0E5B0052DA57 /* Persistence.swift in Sources */ = {isa = PBXBuildFile; fileRef = A0CA63EE280F0E5B0052DA57 /* Persistence.swift */; };
		A0CA63F2280F0E5B0052DA57 /* PowerPlay.xcdatamodeld in Sources */ = {isa = PBXBuildFile; fileRef = A0CA63F0280F0E5B0052DA57 /* PowerPlay.xcdatamodeld */; };
		A0CA63FC280F0E5B0052DA57 /* PowerPlayTests.swift in Sources */ = {isa = PBXBuildFile; fileRef = A0CA63FB280F0E5B0052DA57 /* PowerPlayTests.swift */; };
		A0CA6406280F0E5B0052DA57 /* PowerPlayUITests.swift in Sources */ = {isa = PBXBuildFile; fileRef = A0CA6405280F0E5B0052DA57 /* PowerPlayUITests.swift */; };
		A0CA6408280F0E5B0052DA57 /* PowerPlayUITestsLaunchTests.swift in Sources */ = {isa = PBXBuildFile; fileRef = A0CA6407280F0E5B0052DA57 /* PowerPlayUITestsLaunchTests.swift */; };
		A0CA6415280F14BC0052DA57 /* MoviePage.swift in Sources */ = {isa = PBXBuildFile; fileRef = A0CA6414280F14BC0052DA57 /* MoviePage.swift */; };
		A0CA6418280F1A490052DA57 /* MoviePagesVM.swift in Sources */ = {isa = PBXBuildFile; fileRef = A0CA6417280F1A490052DA57 /* MoviePagesVM.swift */; };
		A0DBB89328107588002670EA /* PopularityAndRateView.swift in Sources */ = {isa = PBXBuildFile; fileRef = A0DBB89228107588002670EA /* PopularityAndRateView.swift */; };
		B6346EDF281931DD00F170A5 /* Realm in Frameworks */ = {isa = PBXBuildFile; productRef = B6346EDE281931DD00F170A5 /* Realm */; };
		B6346EE1281931DD00F170A5 /* RealmSwift in Frameworks */ = {isa = PBXBuildFile; productRef = B6346EE0281931DD00F170A5 /* RealmSwift */; };
		B6346EE32819358200F170A5 /* RealmMoviePage.swift in Sources */ = {isa = PBXBuildFile; fileRef = B6346EE22819358200F170A5 /* RealmMoviePage.swift */; };
		B6346EE42819358200F170A5 /* RealmMoviePage.swift in Sources */ = {isa = PBXBuildFile; fileRef = B6346EE22819358200F170A5 /* RealmMoviePage.swift */; };
		B6346EE52819358200F170A5 /* RealmMoviePage.swift in Sources */ = {isa = PBXBuildFile; fileRef = B6346EE22819358200F170A5 /* RealmMoviePage.swift */; };
		B6346EE7281935AA00F170A5 /* RealmGenre.swift in Sources */ = {isa = PBXBuildFile; fileRef = B6346EE6281935AA00F170A5 /* RealmGenre.swift */; };
		B6346EE8281935AA00F170A5 /* RealmGenre.swift in Sources */ = {isa = PBXBuildFile; fileRef = B6346EE6281935AA00F170A5 /* RealmGenre.swift */; };
		B6346EE9281935AA00F170A5 /* RealmGenre.swift in Sources */ = {isa = PBXBuildFile; fileRef = B6346EE6281935AA00F170A5 /* RealmGenre.swift */; };
		B6346EEB281939FE00F170A5 /* RealmMovie.swift in Sources */ = {isa = PBXBuildFile; fileRef = B6346EEA281939FE00F170A5 /* RealmMovie.swift */; };
		B6346EEC281939FE00F170A5 /* RealmMovie.swift in Sources */ = {isa = PBXBuildFile; fileRef = B6346EEA281939FE00F170A5 /* RealmMovie.swift */; };
		B6346EED281939FE00F170A5 /* RealmMovie.swift in Sources */ = {isa = PBXBuildFile; fileRef = B6346EEA281939FE00F170A5 /* RealmMovie.swift */; };
		B6346EEF2819458900F170A5 /* Helper.swift in Sources */ = {isa = PBXBuildFile; fileRef = B6346EEE2819458900F170A5 /* Helper.swift */; };
		B6346EF02819458900F170A5 /* Helper.swift in Sources */ = {isa = PBXBuildFile; fileRef = B6346EEE2819458900F170A5 /* Helper.swift */; };
		B6346EF12819458900F170A5 /* Helper.swift in Sources */ = {isa = PBXBuildFile; fileRef = B6346EEE2819458900F170A5 /* Helper.swift */; };
		B646A40E2817215400B55543 /* GenresVMTest.swift in Sources */ = {isa = PBXBuildFile; fileRef = B646A40D2817215400B55543 /* GenresVMTest.swift */; };
		B646A4102817CA1B00B55543 /* MainView.swift in Sources */ = {isa = PBXBuildFile; fileRef = B646A40F2817CA1B00B55543 /* MainView.swift */; };
		B646A4112817CA1B00B55543 /* MainView.swift in Sources */ = {isa = PBXBuildFile; fileRef = B646A40F2817CA1B00B55543 /* MainView.swift */; };
		B646A4122817CA1B00B55543 /* MainView.swift in Sources */ = {isa = PBXBuildFile; fileRef = B646A40F2817CA1B00B55543 /* MainView.swift */; };
		B646A4132817CA2300B55543 /* GenresVM.swift in Sources */ = {isa = PBXBuildFile; fileRef = A05D76E1281170D800B6B865 /* GenresVM.swift */; };
		B646A4142817CE7E00B55543 /* Genres.swift in Sources */ = {isa = PBXBuildFile; fileRef = A05D76DF2811709F00B6B865 /* Genres.swift */; };
		B646A4152817CE8400B55543 /* Genres.swift in Sources */ = {isa = PBXBuildFile; fileRef = A05D76DF2811709F00B6B865 /* Genres.swift */; };
		B646A4162817CE8900B55543 /* GenresVM.swift in Sources */ = {isa = PBXBuildFile; fileRef = A05D76E1281170D800B6B865 /* GenresVM.swift */; };
		B646A4172817CE8C00B55543 /* MoviePagesVM.swift in Sources */ = {isa = PBXBuildFile; fileRef = A0CA6417280F1A490052DA57 /* MoviePagesVM.swift */; };
		B646A4182817CE8D00B55543 /* MoviePagesVM.swift in Sources */ = {isa = PBXBuildFile; fileRef = A0CA6417280F1A490052DA57 /* MoviePagesVM.swift */; };
		B646A4192817CE8F00B55543 /* MoviePage.swift in Sources */ = {isa = PBXBuildFile; fileRef = A0CA6414280F14BC0052DA57 /* MoviePage.swift */; };
		B646A41A2817CE8F00B55543 /* MoviePage.swift in Sources */ = {isa = PBXBuildFile; fileRef = A0CA6414280F14BC0052DA57 /* MoviePage.swift */; };
		B646A41B2817CEA600B55543 /* PowerPlayApp.swift in Sources */ = {isa = PBXBuildFile; fileRef = A0CA63E5280F0E580052DA57 /* PowerPlayApp.swift */; };
		B646A41C2817CEA700B55543 /* PowerPlayApp.swift in Sources */ = {isa = PBXBuildFile; fileRef = A0CA63E5280F0E580052DA57 /* PowerPlayApp.swift */; };
		B646A41D2817CEAA00B55543 /* PopularMoviesListView.swift in Sources */ = {isa = PBXBuildFile; fileRef = A0CA63E7280F0E580052DA57 /* PopularMoviesListView.swift */; };
		B646A41E2817CEAA00B55543 /* PopularMoviesListView.swift in Sources */ = {isa = PBXBuildFile; fileRef = A0CA63E7280F0E580052DA57 /* PopularMoviesListView.swift */; };
		B646A41F2817CEB000B55543 /* PopularityAndRateView.swift in Sources */ = {isa = PBXBuildFile; fileRef = A0DBB89228107588002670EA /* PopularityAndRateView.swift */; };
		B646A4202817CEB100B55543 /* PopularityAndRateView.swift in Sources */ = {isa = PBXBuildFile; fileRef = A0DBB89228107588002670EA /* PopularityAndRateView.swift */; };
		B646A4212817CEB300B55543 /* GenresListView.swift in Sources */ = {isa = PBXBuildFile; fileRef = A08CD7542812901400929427 /* GenresListView.swift */; };
		B646A4222817CEB300B55543 /* GenresListView.swift in Sources */ = {isa = PBXBuildFile; fileRef = A08CD7542812901400929427 /* GenresListView.swift */; };
		B646A4232817CEB700B55543 /* PosterView.swift in Sources */ = {isa = PBXBuildFile; fileRef = A0A6F2F82812E19C004893CE /* PosterView.swift */; };
		B646A4242817CEB700B55543 /* PosterView.swift in Sources */ = {isa = PBXBuildFile; fileRef = A0A6F2F82812E19C004893CE /* PosterView.swift */; };
		B6F80ED72817D1BD003510FC /* TabBarNavigationView.swift in Sources */ = {isa = PBXBuildFile; fileRef = B6F80ED62817D1BD003510FC /* TabBarNavigationView.swift */; };
		B6F80ED92817D266003510FC /* SettingsView.swift in Sources */ = {isa = PBXBuildFile; fileRef = B6F80ED82817D266003510FC /* SettingsView.swift */; };
		B6F80EDE2817D46F003510FC /* TabBarNavigationView.swift in Sources */ = {isa = PBXBuildFile; fileRef = B6F80ED62817D1BD003510FC /* TabBarNavigationView.swift */; };
		B6F80EDF2817D46F003510FC /* TabBarNavigationView.swift in Sources */ = {isa = PBXBuildFile; fileRef = B6F80ED62817D1BD003510FC /* TabBarNavigationView.swift */; };
		B6F80EE02817D4AF003510FC /* SettingsView.swift in Sources */ = {isa = PBXBuildFile; fileRef = B6F80ED82817D266003510FC /* SettingsView.swift */; };
		B6F80EE12817D4AF003510FC /* SettingsView.swift in Sources */ = {isa = PBXBuildFile; fileRef = B6F80ED82817D266003510FC /* SettingsView.swift */; };
		B6F80EE32817D8D3003510FC /* Language.swift in Sources */ = {isa = PBXBuildFile; fileRef = B6F80EE22817D8D3003510FC /* Language.swift */; };
		B6F80EF22817E1DC003510FC /* LanguagesVM.swift in Sources */ = {isa = PBXBuildFile; fileRef = B6F80EF12817E1DC003510FC /* LanguagesVM.swift */; };
		B6F80EF32817E1DC003510FC /* LanguagesVM.swift in Sources */ = {isa = PBXBuildFile; fileRef = B6F80EF12817E1DC003510FC /* LanguagesVM.swift */; };
		B6F80EF42817E1DC003510FC /* LanguagesVM.swift in Sources */ = {isa = PBXBuildFile; fileRef = B6F80EF12817E1DC003510FC /* LanguagesVM.swift */; };
		B6F80EF62817FA50003510FC /* LanguageVMTest.swift in Sources */ = {isa = PBXBuildFile; fileRef = B6F80EF52817FA50003510FC /* LanguageVMTest.swift */; };
		B6F80EF72817FD58003510FC /* Language.swift in Sources */ = {isa = PBXBuildFile; fileRef = B6F80EE22817D8D3003510FC /* Language.swift */; };
		B6F80EF82817FD58003510FC /* Language.swift in Sources */ = {isa = PBXBuildFile; fileRef = B6F80EE22817D8D3003510FC /* Language.swift */; };
		B6F80EFA281803A6003510FC /* CodeLanguajes.json in Resources */ = {isa = PBXBuildFile; fileRef = B6F80EF9281803A6003510FC /* CodeLanguajes.json */; };
		B6F80EFB281803A6003510FC /* CodeLanguajes.json in Resources */ = {isa = PBXBuildFile; fileRef = B6F80EF9281803A6003510FC /* CodeLanguajes.json */; };
		B6F80EFC281803A6003510FC /* CodeLanguajes.json in Resources */ = {isa = PBXBuildFile; fileRef = B6F80EF9281803A6003510FC /* CodeLanguajes.json */; };
/* End PBXBuildFile section */

/* Begin PBXContainerItemProxy section */
		A0CA63F8280F0E5B0052DA57 /* PBXContainerItemProxy */ = {
			isa = PBXContainerItemProxy;
			containerPortal = A0CA63DA280F0E580052DA57 /* Project object */;
			proxyType = 1;
			remoteGlobalIDString = A0CA63E1280F0E580052DA57;
			remoteInfo = PowerPlay;
		};
		A0CA6402280F0E5B0052DA57 /* PBXContainerItemProxy */ = {
			isa = PBXContainerItemProxy;
			containerPortal = A0CA63DA280F0E580052DA57 /* Project object */;
			proxyType = 1;
			remoteGlobalIDString = A0CA63E1280F0E580052DA57;
			remoteInfo = PowerPlay;
		};
/* End PBXContainerItemProxy section */

/* Begin PBXFileReference section */
		A04B8B84281047B400F2677C /* MovieDetailView.swift */ = {isa = PBXFileReference; lastKnownFileType = sourcecode.swift; path = MovieDetailView.swift; sourceTree = "<group>"; };
		A05D76DF2811709F00B6B865 /* Genres.swift */ = {isa = PBXFileReference; lastKnownFileType = sourcecode.swift; path = Genres.swift; sourceTree = "<group>"; };
		A05D76E1281170D800B6B865 /* GenresVM.swift */ = {isa = PBXFileReference; lastKnownFileType = sourcecode.swift; path = GenresVM.swift; sourceTree = "<group>"; };
		A08CD7542812901400929427 /* GenresListView.swift */ = {isa = PBXFileReference; lastKnownFileType = sourcecode.swift; path = GenresListView.swift; sourceTree = "<group>"; };
		A08CD7562812B1C400929427 /* Info.plist */ = {isa = PBXFileReference; lastKnownFileType = text.plist; path = Info.plist; sourceTree = "<group>"; };
		A0A6F2F82812E19C004893CE /* PosterView.swift */ = {isa = PBXFileReference; lastKnownFileType = sourcecode.swift; path = PosterView.swift; sourceTree = "<group>"; };
		A0CA63E2280F0E580052DA57 /* PowerPlay.app */ = {isa = PBXFileReference; explicitFileType = wrapper.application; includeInIndex = 0; path = PowerPlay.app; sourceTree = BUILT_PRODUCTS_DIR; };
		A0CA63E5280F0E580052DA57 /* PowerPlayApp.swift */ = {isa = PBXFileReference; lastKnownFileType = sourcecode.swift; path = PowerPlayApp.swift; sourceTree = "<group>"; };
		A0CA63E7280F0E580052DA57 /* PopularMoviesListView.swift */ = {isa = PBXFileReference; lastKnownFileType = sourcecode.swift; path = PopularMoviesListView.swift; sourceTree = "<group>"; };
		A0CA63E9280F0E5B0052DA57 /* Assets.xcassets */ = {isa = PBXFileReference; lastKnownFileType = folder.assetcatalog; path = Assets.xcassets; sourceTree = "<group>"; };
		A0CA63EC280F0E5B0052DA57 /* Preview Assets.xcassets */ = {isa = PBXFileReference; lastKnownFileType = folder.assetcatalog; path = "Preview Assets.xcassets"; sourceTree = "<group>"; };
		A0CA63EE280F0E5B0052DA57 /* Persistence.swift */ = {isa = PBXFileReference; lastKnownFileType = sourcecode.swift; path = Persistence.swift; sourceTree = "<group>"; };
		A0CA63F1280F0E5B0052DA57 /* PowerPlay.xcdatamodel */ = {isa = PBXFileReference; lastKnownFileType = wrapper.xcdatamodel; path = PowerPlay.xcdatamodel; sourceTree = "<group>"; };
		A0CA63F7280F0E5B0052DA57 /* PowerPlayTests.xctest */ = {isa = PBXFileReference; explicitFileType = wrapper.cfbundle; includeInIndex = 0; path = PowerPlayTests.xctest; sourceTree = BUILT_PRODUCTS_DIR; };
		A0CA63FB280F0E5B0052DA57 /* PowerPlayTests.swift */ = {isa = PBXFileReference; lastKnownFileType = sourcecode.swift; path = PowerPlayTests.swift; sourceTree = "<group>"; };
		A0CA6401280F0E5B0052DA57 /* PowerPlayUITests.xctest */ = {isa = PBXFileReference; explicitFileType = wrapper.cfbundle; includeInIndex = 0; path = PowerPlayUITests.xctest; sourceTree = BUILT_PRODUCTS_DIR; };
		A0CA6405280F0E5B0052DA57 /* PowerPlayUITests.swift */ = {isa = PBXFileReference; lastKnownFileType = sourcecode.swift; path = PowerPlayUITests.swift; sourceTree = "<group>"; };
		A0CA6407280F0E5B0052DA57 /* PowerPlayUITestsLaunchTests.swift */ = {isa = PBXFileReference; lastKnownFileType = sourcecode.swift; path = PowerPlayUITestsLaunchTests.swift; sourceTree = "<group>"; };
		A0CA6414280F14BC0052DA57 /* MoviePage.swift */ = {isa = PBXFileReference; lastKnownFileType = sourcecode.swift; path = MoviePage.swift; sourceTree = "<group>"; };
		A0CA6417280F1A490052DA57 /* MoviePagesVM.swift */ = {isa = PBXFileReference; lastKnownFileType = sourcecode.swift; path = MoviePagesVM.swift; sourceTree = "<group>"; };
		A0DBB89228107588002670EA /* PopularityAndRateView.swift */ = {isa = PBXFileReference; lastKnownFileType = sourcecode.swift; path = PopularityAndRateView.swift; sourceTree = "<group>"; };
		B6346EE22819358200F170A5 /* RealmMoviePage.swift */ = {isa = PBXFileReference; lastKnownFileType = sourcecode.swift; path = RealmMoviePage.swift; sourceTree = "<group>"; };
		B6346EE6281935AA00F170A5 /* RealmGenre.swift */ = {isa = PBXFileReference; lastKnownFileType = sourcecode.swift; path = RealmGenre.swift; sourceTree = "<group>"; };
		B6346EEA281939FE00F170A5 /* RealmMovie.swift */ = {isa = PBXFileReference; lastKnownFileType = sourcecode.swift; path = RealmMovie.swift; sourceTree = "<group>"; };
		B6346EEE2819458900F170A5 /* Helper.swift */ = {isa = PBXFileReference; lastKnownFileType = sourcecode.swift; path = Helper.swift; sourceTree = "<group>"; };
		B646A40D2817215400B55543 /* GenresVMTest.swift */ = {isa = PBXFileReference; lastKnownFileType = sourcecode.swift; path = GenresVMTest.swift; sourceTree = "<group>"; };
		B646A40F2817CA1B00B55543 /* MainView.swift */ = {isa = PBXFileReference; lastKnownFileType = sourcecode.swift; path = MainView.swift; sourceTree = "<group>"; };
		B6F80ED62817D1BD003510FC /* TabBarNavigationView.swift */ = {isa = PBXFileReference; lastKnownFileType = sourcecode.swift; path = TabBarNavigationView.swift; sourceTree = "<group>"; };
		B6F80ED82817D266003510FC /* SettingsView.swift */ = {isa = PBXFileReference; lastKnownFileType = sourcecode.swift; path = SettingsView.swift; sourceTree = "<group>"; };
		B6F80EE22817D8D3003510FC /* Language.swift */ = {isa = PBXFileReference; lastKnownFileType = sourcecode.swift; path = Language.swift; sourceTree = "<group>"; };
		B6F80EF12817E1DC003510FC /* LanguagesVM.swift */ = {isa = PBXFileReference; lastKnownFileType = sourcecode.swift; path = LanguagesVM.swift; sourceTree = "<group>"; };
		B6F80EF52817FA50003510FC /* LanguageVMTest.swift */ = {isa = PBXFileReference; lastKnownFileType = sourcecode.swift; path = LanguageVMTest.swift; sourceTree = "<group>"; };
		B6F80EF9281803A6003510FC /* CodeLanguajes.json */ = {isa = PBXFileReference; fileEncoding = 4; lastKnownFileType = text.json; path = CodeLanguajes.json; sourceTree = "<group>"; };
/* End PBXFileReference section */

/* Begin PBXFrameworksBuildPhase section */
		A0CA63DF280F0E580052DA57 /* Frameworks */ = {
			isa = PBXFrameworksBuildPhase;
			buildActionMask = 2147483647;
			files = (
				B6346EE1281931DD00F170A5 /* RealmSwift in Frameworks */,
				B6346EDF281931DD00F170A5 /* Realm in Frameworks */,
			);
			runOnlyForDeploymentPostprocessing = 0;
		};
		A0CA63F4280F0E5B0052DA57 /* Frameworks */ = {
			isa = PBXFrameworksBuildPhase;
			buildActionMask = 2147483647;
			files = (
			);
			runOnlyForDeploymentPostprocessing = 0;
		};
		A0CA63FE280F0E5B0052DA57 /* Frameworks */ = {
			isa = PBXFrameworksBuildPhase;
			buildActionMask = 2147483647;
			files = (
			);
			runOnlyForDeploymentPostprocessing = 0;
		};
/* End PBXFrameworksBuildPhase section */

/* Begin PBXGroup section */
		A0CA63D9280F0E580052DA57 = {
			isa = PBXGroup;
			children = (
				A0CA63E4280F0E580052DA57 /* PowerPlay */,
				A0CA63FA280F0E5B0052DA57 /* PowerPlayTests */,
				A0CA6404280F0E5B0052DA57 /* PowerPlayUITests */,
				A0CA63E3280F0E580052DA57 /* Products */,
			);
			sourceTree = "<group>";
		};
		A0CA63E3280F0E580052DA57 /* Products */ = {
			isa = PBXGroup;
			children = (
				A0CA63E2280F0E580052DA57 /* PowerPlay.app */,
				A0CA63F7280F0E5B0052DA57 /* PowerPlayTests.xctest */,
				A0CA6401280F0E5B0052DA57 /* PowerPlayUITests.xctest */,
			);
			name = Products;
			sourceTree = "<group>";
		};
		A0CA63E4280F0E580052DA57 /* PowerPlay */ = {
			isa = PBXGroup;
			children = (
				A08CD7562812B1C400929427 /* Info.plist */,
				B6F80EDD2817D2C0003510FC /* Views */,
				A0CA63E9280F0E5B0052DA57 /* Assets.xcassets */,
				A0CA63EE280F0E5B0052DA57 /* Persistence.swift */,
				A0CA6416280F14ED0052DA57 /* Model */,
				B6F80EE82817DE8F003510FC /* Resources */,
				A0CA63F0280F0E5B0052DA57 /* PowerPlay.xcdatamodeld */,
				A0CA63EB280F0E5B0052DA57 /* Preview Content */,
			);
			path = PowerPlay;
			sourceTree = "<group>";
		};
		A0CA63EB280F0E5B0052DA57 /* Preview Content */ = {
			isa = PBXGroup;
			children = (
				A0CA63EC280F0E5B0052DA57 /* Preview Assets.xcassets */,
			);
			path = "Preview Content";
			sourceTree = "<group>";
		};
		A0CA63FA280F0E5B0052DA57 /* PowerPlayTests */ = {
			isa = PBXGroup;
			children = (
				A0CA63FB280F0E5B0052DA57 /* PowerPlayTests.swift */,
				B646A40D2817215400B55543 /* GenresVMTest.swift */,
				B6F80EF52817FA50003510FC /* LanguageVMTest.swift */,
			);
			path = PowerPlayTests;
			sourceTree = "<group>";
		};
		A0CA6404280F0E5B0052DA57 /* PowerPlayUITests */ = {
			isa = PBXGroup;
			children = (
				A0CA6405280F0E5B0052DA57 /* PowerPlayUITests.swift */,
				A0CA6407280F0E5B0052DA57 /* PowerPlayUITestsLaunchTests.swift */,
			);
			path = PowerPlayUITests;
			sourceTree = "<group>";
		};
		A0CA6416280F14ED0052DA57 /* Model */ = {
			isa = PBXGroup;
			children = (
				B6346EEE2819458900F170A5 /* Helper.swift */,
				B6346EE22819358200F170A5 /* RealmMoviePage.swift */,
				B6346EEA281939FE00F170A5 /* RealmMovie.swift */,
				B6346EE6281935AA00F170A5 /* RealmGenre.swift */,
				A0CA6414280F14BC0052DA57 /* MoviePage.swift */,
				A0CA6417280F1A490052DA57 /* MoviePagesVM.swift */,
				A05D76DF2811709F00B6B865 /* Genres.swift */,
				A05D76E1281170D800B6B865 /* GenresVM.swift */,
				B6F80EE22817D8D3003510FC /* Language.swift */,
				B6F80EF12817E1DC003510FC /* LanguagesVM.swift */,
			);
			path = Model;
			sourceTree = "<group>";
		};
		B6F80EDA2817D275003510FC /* Settings */ = {
			isa = PBXGroup;
			children = (
				B6F80ED82817D266003510FC /* SettingsView.swift */,
			);
			path = Settings;
			sourceTree = "<group>";
		};
		B6F80EDB2817D291003510FC /* Popular */ = {
			isa = PBXGroup;
			children = (
				A0CA63E7280F0E580052DA57 /* PopularMoviesListView.swift */,
				A04B8B84281047B400F2677C /* MovieDetailView.swift */,
				A0DBB89228107588002670EA /* PopularityAndRateView.swift */,
			);
			path = Popular;
			sourceTree = "<group>";
		};
		B6F80EDC2817D2AF003510FC /* Genres */ = {
			isa = PBXGroup;
			children = (
				A08CD7542812901400929427 /* GenresListView.swift */,
			);
			path = Genres;
			sourceTree = "<group>";
		};
		B6F80EDD2817D2C0003510FC /* Views */ = {
			isa = PBXGroup;
			children = (
				A0CA63E5280F0E580052DA57 /* PowerPlayApp.swift */,
				B646A40F2817CA1B00B55543 /* MainView.swift */,
				B6F80ED62817D1BD003510FC /* TabBarNavigationView.swift */,
				B6F80EDB2817D291003510FC /* Popular */,
				B6F80EDA2817D275003510FC /* Settings */,
				B6F80EDC2817D2AF003510FC /* Genres */,
				A0A6F2F82812E19C004893CE /* PosterView.swift */,
			);
			path = Views;
			sourceTree = "<group>";
		};
		B6F80EE82817DE8F003510FC /* Resources */ = {
			isa = PBXGroup;
			children = (
				B6F80EF9281803A6003510FC /* CodeLanguajes.json */,
			);
			name = Resources;
			path = Model/Resources;
			sourceTree = "<group>";
		};
/* End PBXGroup section */

/* Begin PBXNativeTarget section */
		A0CA63E1280F0E580052DA57 /* PowerPlay */ = {
			isa = PBXNativeTarget;
			buildConfigurationList = A0CA640B280F0E5B0052DA57 /* Build configuration list for PBXNativeTarget "PowerPlay" */;
			buildPhases = (
				A0CA63DE280F0E580052DA57 /* Sources */,
				A0CA63DF280F0E580052DA57 /* Frameworks */,
				A0CA63E0280F0E580052DA57 /* Resources */,
			);
			buildRules = (
			);
			dependencies = (
			);
			name = PowerPlay;
			packageProductDependencies = (
				B6346EDE281931DD00F170A5 /* Realm */,
				B6346EE0281931DD00F170A5 /* RealmSwift */,
			);
			productName = PowerPlay;
			productReference = A0CA63E2280F0E580052DA57 /* PowerPlay.app */;
			productType = "com.apple.product-type.application";
		};
		A0CA63F6280F0E5B0052DA57 /* PowerPlayTests */ = {
			isa = PBXNativeTarget;
			buildConfigurationList = A0CA640E280F0E5B0052DA57 /* Build configuration list for PBXNativeTarget "PowerPlayTests" */;
			buildPhases = (
				A0CA63F3280F0E5B0052DA57 /* Sources */,
				A0CA63F4280F0E5B0052DA57 /* Frameworks */,
				A0CA63F5280F0E5B0052DA57 /* Resources */,
			);
			buildRules = (
			);
			dependencies = (
				A0CA63F9280F0E5B0052DA57 /* PBXTargetDependency */,
			);
			name = PowerPlayTests;
			productName = PowerPlayTests;
			productReference = A0CA63F7280F0E5B0052DA57 /* PowerPlayTests.xctest */;
			productType = "com.apple.product-type.bundle.unit-test";
		};
		A0CA6400280F0E5B0052DA57 /* PowerPlayUITests */ = {
			isa = PBXNativeTarget;
			buildConfigurationList = A0CA6411280F0E5B0052DA57 /* Build configuration list for PBXNativeTarget "PowerPlayUITests" */;
			buildPhases = (
				A0CA63FD280F0E5B0052DA57 /* Sources */,
				A0CA63FE280F0E5B0052DA57 /* Frameworks */,
				A0CA63FF280F0E5B0052DA57 /* Resources */,
			);
			buildRules = (
			);
			dependencies = (
				A0CA6403280F0E5B0052DA57 /* PBXTargetDependency */,
			);
			name = PowerPlayUITests;
			productName = PowerPlayUITests;
			productReference = A0CA6401280F0E5B0052DA57 /* PowerPlayUITests.xctest */;
			productType = "com.apple.product-type.bundle.ui-testing";
		};
/* End PBXNativeTarget section */

/* Begin PBXProject section */
		A0CA63DA280F0E580052DA57 /* Project object */ = {
			isa = PBXProject;
			attributes = {
				BuildIndependentTargetsInParallel = 1;
				LastSwiftUpdateCheck = 1330;
				LastUpgradeCheck = 1330;
				TargetAttributes = {
					A0CA63E1280F0E580052DA57 = {
						CreatedOnToolsVersion = 13.3;
					};
					A0CA63F6280F0E5B0052DA57 = {
						CreatedOnToolsVersion = 13.3;
						TestTargetID = A0CA63E1280F0E580052DA57;
					};
					A0CA6400280F0E5B0052DA57 = {
						CreatedOnToolsVersion = 13.3;
						TestTargetID = A0CA63E1280F0E580052DA57;
					};
				};
			};
			buildConfigurationList = A0CA63DD280F0E580052DA57 /* Build configuration list for PBXProject "PowerPlay" */;
			compatibilityVersion = "Xcode 13.0";
			developmentRegion = en;
			hasScannedForEncodings = 0;
			knownRegions = (
				en,
				Base,
			);
			mainGroup = A0CA63D9280F0E580052DA57;
			packageReferences = (
				B6346EDD281931DD00F170A5 /* XCRemoteSwiftPackageReference "realm-swift" */,
			);
			productRefGroup = A0CA63E3280F0E580052DA57 /* Products */;
			projectDirPath = "";
			projectRoot = "";
			targets = (
				A0CA63E1280F0E580052DA57 /* PowerPlay */,
				A0CA63F6280F0E5B0052DA57 /* PowerPlayTests */,
				A0CA6400280F0E5B0052DA57 /* PowerPlayUITests */,
			);
		};
/* End PBXProject section */

/* Begin PBXResourcesBuildPhase section */
		A0CA63E0280F0E580052DA57 /* Resources */ = {
			isa = PBXResourcesBuildPhase;
			buildActionMask = 2147483647;
			files = (
				A0CA63ED280F0E5B0052DA57 /* Preview Assets.xcassets in Resources */,
				A0CA63EA280F0E5B0052DA57 /* Assets.xcassets in Resources */,
				B6F80EFA281803A6003510FC /* CodeLanguajes.json in Resources */,
			);
			runOnlyForDeploymentPostprocessing = 0;
		};
		A0CA63F5280F0E5B0052DA57 /* Resources */ = {
			isa = PBXResourcesBuildPhase;
			buildActionMask = 2147483647;
			files = (
				B6F80EFB281803A6003510FC /* CodeLanguajes.json in Resources */,
			);
			runOnlyForDeploymentPostprocessing = 0;
		};
		A0CA63FF280F0E5B0052DA57 /* Resources */ = {
			isa = PBXResourcesBuildPhase;
			buildActionMask = 2147483647;
			files = (
				B6F80EFC281803A6003510FC /* CodeLanguajes.json in Resources */,
			);
			runOnlyForDeploymentPostprocessing = 0;
		};
/* End PBXResourcesBuildPhase section */

/* Begin PBXSourcesBuildPhase section */
		A0CA63DE280F0E580052DA57 /* Sources */ = {
			isa = PBXSourcesBuildPhase;
			buildActionMask = 2147483647;
			files = (
				B6346EEB281939FE00F170A5 /* RealmMovie.swift in Sources */,
				B6F80ED92817D266003510FC /* SettingsView.swift in Sources */,
				B6346EE32819358200F170A5 /* RealmMoviePage.swift in Sources */,
				A05D76E0281170A000B6B865 /* Genres.swift in Sources */,
				B646A4102817CA1B00B55543 /* MainView.swift in Sources */,
				A0CA6415280F14BC0052DA57 /* MoviePage.swift in Sources */,
				A08CD7552812901400929427 /* GenresListView.swift in Sources */,
				A0DBB89328107588002670EA /* PopularityAndRateView.swift in Sources */,
				B6346EE7281935AA00F170A5 /* RealmGenre.swift in Sources */,
				A0CA63EF280F0E5B0052DA57 /* Persistence.swift in Sources */,
				B6F80ED72817D1BD003510FC /* TabBarNavigationView.swift in Sources */,
				A05D76E2281170D800B6B865 /* GenresVM.swift in Sources */,
				A0CA63F2280F0E5B0052DA57 /* PowerPlay.xcdatamodeld in Sources */,
				B6F80EF22817E1DC003510FC /* LanguagesVM.swift in Sources */,
				A0CA63E8280F0E580052DA57 /* PopularMoviesListView.swift in Sources */,
				A0CA6418280F1A490052DA57 /* MoviePagesVM.swift in Sources */,
				B6346EEF2819458900F170A5 /* Helper.swift in Sources */,
				A0CA63E6280F0E580052DA57 /* PowerPlayApp.swift in Sources */,
				B6F80EE32817D8D3003510FC /* Language.swift in Sources */,
				A04B8B85281047B400F2677C /* MovieDetailView.swift in Sources */,
				A0A6F2F92812E19C004893CE /* PosterView.swift in Sources */,
			);
			runOnlyForDeploymentPostprocessing = 0;
		};
		A0CA63F3280F0E5B0052DA57 /* Sources */ = {
			isa = PBXSourcesBuildPhase;
			buildActionMask = 2147483647;
			files = (
				B6F80EE02817D4AF003510FC /* SettingsView.swift in Sources */,
				B646A4232817CEB700B55543 /* PosterView.swift in Sources */,
				A04B8B86281047B400F2677C /* MovieDetailView.swift in Sources */,
				B6346EEC281939FE00F170A5 /* RealmMovie.swift in Sources */,
				B6F80EF72817FD58003510FC /* Language.swift in Sources */,
				B646A41D2817CEAA00B55543 /* PopularMoviesListView.swift in Sources */,
				B646A4212817CEB300B55543 /* GenresListView.swift in Sources */,
				B6F80EF62817FA50003510FC /* LanguageVMTest.swift in Sources */,
				B646A41B2817CEA600B55543 /* PowerPlayApp.swift in Sources */,
				B6346EF02819458900F170A5 /* Helper.swift in Sources */,
				B6F80EF32817E1DC003510FC /* LanguagesVM.swift in Sources */,
				B646A41F2817CEB000B55543 /* PopularityAndRateView.swift in Sources */,
				B6F80EDE2817D46F003510FC /* TabBarNavigationView.swift in Sources */,
				B646A4112817CA1B00B55543 /* MainView.swift in Sources */,
				A0CA63FC280F0E5B0052DA57 /* PowerPlayTests.swift in Sources */,
				B6346EE8281935AA00F170A5 /* RealmGenre.swift in Sources */,
				B646A4142817CE7E00B55543 /* Genres.swift in Sources */,
				B646A4172817CE8C00B55543 /* MoviePagesVM.swift in Sources */,
				B646A4132817CA2300B55543 /* GenresVM.swift in Sources */,
				B6346EE42819358200F170A5 /* RealmMoviePage.swift in Sources */,
				B646A40E2817215400B55543 /* GenresVMTest.swift in Sources */,
				B646A4192817CE8F00B55543 /* MoviePage.swift in Sources */,
			);
			runOnlyForDeploymentPostprocessing = 0;
		};
		A0CA63FD280F0E5B0052DA57 /* Sources */ = {
			isa = PBXSourcesBuildPhase;
			buildActionMask = 2147483647;
			files = (
				B6346EED281939FE00F170A5 /* RealmMovie.swift in Sources */,
				B6F80EE12817D4AF003510FC /* SettingsView.swift in Sources */,
				B6346EE52819358200F170A5 /* RealmMoviePage.swift in Sources */,
				B646A4242817CEB700B55543 /* PosterView.swift in Sources */,
				A04B8B87281047B400F2677C /* MovieDetailView.swift in Sources */,
				B646A41E2817CEAA00B55543 /* PopularMoviesListView.swift in Sources */,
				B646A4222817CEB300B55543 /* GenresListView.swift in Sources */,
				B646A41C2817CEA700B55543 /* PowerPlayApp.swift in Sources */,
				B6346EE9281935AA00F170A5 /* RealmGenre.swift in Sources */,
				B6F80EF42817E1DC003510FC /* LanguagesVM.swift in Sources */,
				B646A4202817CEB100B55543 /* PopularityAndRateView.swift in Sources */,
				B6F80EF82817FD58003510FC /* Language.swift in Sources */,
				B6F80EDF2817D46F003510FC /* TabBarNavigationView.swift in Sources */,
				B646A4152817CE8400B55543 /* Genres.swift in Sources */,
				B646A4122817CA1B00B55543 /* MainView.swift in Sources */,
				A0CA6408280F0E5B0052DA57 /* PowerPlayUITestsLaunchTests.swift in Sources */,
				B6346EF12819458900F170A5 /* Helper.swift in Sources */,
				B646A4182817CE8D00B55543 /* MoviePagesVM.swift in Sources */,
				B646A4162817CE8900B55543 /* GenresVM.swift in Sources */,
				A0CA6406280F0E5B0052DA57 /* PowerPlayUITests.swift in Sources */,
				B646A41A2817CE8F00B55543 /* MoviePage.swift in Sources */,
			);
			runOnlyForDeploymentPostprocessing = 0;
		};
/* End PBXSourcesBuildPhase section */

/* Begin PBXTargetDependency section */
		A0CA63F9280F0E5B0052DA57 /* PBXTargetDependency */ = {
			isa = PBXTargetDependency;
			target = A0CA63E1280F0E580052DA57 /* PowerPlay */;
			targetProxy = A0CA63F8280F0E5B0052DA57 /* PBXContainerItemProxy */;
		};
		A0CA6403280F0E5B0052DA57 /* PBXTargetDependency */ = {
			isa = PBXTargetDependency;
			target = A0CA63E1280F0E580052DA57 /* PowerPlay */;
			targetProxy = A0CA6402280F0E5B0052DA57 /* PBXContainerItemProxy */;
		};
/* End PBXTargetDependency section */

/* Begin XCBuildConfiguration section */
		A0CA6409280F0E5B0052DA57 /* Debug */ = {
			isa = XCBuildConfiguration;
			buildSettings = {
				ALWAYS_SEARCH_USER_PATHS = NO;
				CLANG_ANALYZER_NONNULL = YES;
				CLANG_ANALYZER_NUMBER_OBJECT_CONVERSION = YES_AGGRESSIVE;
				CLANG_CXX_LANGUAGE_STANDARD = "gnu++17";
				CLANG_ENABLE_MODULES = YES;
				CLANG_ENABLE_OBJC_ARC = YES;
				CLANG_ENABLE_OBJC_WEAK = YES;
				CLANG_WARN_BLOCK_CAPTURE_AUTORELEASING = YES;
				CLANG_WARN_BOOL_CONVERSION = YES;
				CLANG_WARN_COMMA = YES;
				CLANG_WARN_CONSTANT_CONVERSION = YES;
				CLANG_WARN_DEPRECATED_OBJC_IMPLEMENTATIONS = YES;
				CLANG_WARN_DIRECT_OBJC_ISA_USAGE = YES_ERROR;
				CLANG_WARN_DOCUMENTATION_COMMENTS = YES;
				CLANG_WARN_EMPTY_BODY = YES;
				CLANG_WARN_ENUM_CONVERSION = YES;
				CLANG_WARN_INFINITE_RECURSION = YES;
				CLANG_WARN_INT_CONVERSION = YES;
				CLANG_WARN_NON_LITERAL_NULL_CONVERSION = YES;
				CLANG_WARN_OBJC_IMPLICIT_RETAIN_SELF = YES;
				CLANG_WARN_OBJC_LITERAL_CONVERSION = YES;
				CLANG_WARN_OBJC_ROOT_CLASS = YES_ERROR;
				CLANG_WARN_QUOTED_INCLUDE_IN_FRAMEWORK_HEADER = YES;
				CLANG_WARN_RANGE_LOOP_ANALYSIS = YES;
				CLANG_WARN_STRICT_PROTOTYPES = YES;
				CLANG_WARN_SUSPICIOUS_MOVE = YES;
				CLANG_WARN_UNGUARDED_AVAILABILITY = YES_AGGRESSIVE;
				CLANG_WARN_UNREACHABLE_CODE = YES;
				CLANG_WARN__DUPLICATE_METHOD_MATCH = YES;
				COPY_PHASE_STRIP = NO;
				DEBUG_INFORMATION_FORMAT = dwarf;
				ENABLE_STRICT_OBJC_MSGSEND = YES;
				ENABLE_TESTABILITY = YES;
				GCC_C_LANGUAGE_STANDARD = gnu11;
				GCC_DYNAMIC_NO_PIC = NO;
				GCC_NO_COMMON_BLOCKS = YES;
				GCC_OPTIMIZATION_LEVEL = 0;
				GCC_PREPROCESSOR_DEFINITIONS = (
					"DEBUG=1",
					"$(inherited)",
				);
				GCC_WARN_64_TO_32_BIT_CONVERSION = YES;
				GCC_WARN_ABOUT_RETURN_TYPE = YES_ERROR;
				GCC_WARN_UNDECLARED_SELECTOR = YES;
				GCC_WARN_UNINITIALIZED_AUTOS = YES_AGGRESSIVE;
				GCC_WARN_UNUSED_FUNCTION = YES;
				GCC_WARN_UNUSED_VARIABLE = YES;
				IPHONEOS_DEPLOYMENT_TARGET = 15.0;
				MTL_ENABLE_DEBUG_INFO = INCLUDE_SOURCE;
				MTL_FAST_MATH = YES;
				ONLY_ACTIVE_ARCH = YES;
				SDKROOT = iphoneos;
				SWIFT_ACTIVE_COMPILATION_CONDITIONS = DEBUG;
				SWIFT_OPTIMIZATION_LEVEL = "-Onone";
			};
			name = Debug;
		};
		A0CA640A280F0E5B0052DA57 /* Release */ = {
			isa = XCBuildConfiguration;
			buildSettings = {
				ALWAYS_SEARCH_USER_PATHS = NO;
				CLANG_ANALYZER_NONNULL = YES;
				CLANG_ANALYZER_NUMBER_OBJECT_CONVERSION = YES_AGGRESSIVE;
				CLANG_CXX_LANGUAGE_STANDARD = "gnu++17";
				CLANG_ENABLE_MODULES = YES;
				CLANG_ENABLE_OBJC_ARC = YES;
				CLANG_ENABLE_OBJC_WEAK = YES;
				CLANG_WARN_BLOCK_CAPTURE_AUTORELEASING = YES;
				CLANG_WARN_BOOL_CONVERSION = YES;
				CLANG_WARN_COMMA = YES;
				CLANG_WARN_CONSTANT_CONVERSION = YES;
				CLANG_WARN_DEPRECATED_OBJC_IMPLEMENTATIONS = YES;
				CLANG_WARN_DIRECT_OBJC_ISA_USAGE = YES_ERROR;
				CLANG_WARN_DOCUMENTATION_COMMENTS = YES;
				CLANG_WARN_EMPTY_BODY = YES;
				CLANG_WARN_ENUM_CONVERSION = YES;
				CLANG_WARN_INFINITE_RECURSION = YES;
				CLANG_WARN_INT_CONVERSION = YES;
				CLANG_WARN_NON_LITERAL_NULL_CONVERSION = YES;
				CLANG_WARN_OBJC_IMPLICIT_RETAIN_SELF = YES;
				CLANG_WARN_OBJC_LITERAL_CONVERSION = YES;
				CLANG_WARN_OBJC_ROOT_CLASS = YES_ERROR;
				CLANG_WARN_QUOTED_INCLUDE_IN_FRAMEWORK_HEADER = YES;
				CLANG_WARN_RANGE_LOOP_ANALYSIS = YES;
				CLANG_WARN_STRICT_PROTOTYPES = YES;
				CLANG_WARN_SUSPICIOUS_MOVE = YES;
				CLANG_WARN_UNGUARDED_AVAILABILITY = YES_AGGRESSIVE;
				CLANG_WARN_UNREACHABLE_CODE = YES;
				CLANG_WARN__DUPLICATE_METHOD_MATCH = YES;
				COPY_PHASE_STRIP = NO;
				DEBUG_INFORMATION_FORMAT = "dwarf-with-dsym";
				ENABLE_NS_ASSERTIONS = NO;
				ENABLE_STRICT_OBJC_MSGSEND = YES;
				GCC_C_LANGUAGE_STANDARD = gnu11;
				GCC_NO_COMMON_BLOCKS = YES;
				GCC_WARN_64_TO_32_BIT_CONVERSION = YES;
				GCC_WARN_ABOUT_RETURN_TYPE = YES_ERROR;
				GCC_WARN_UNDECLARED_SELECTOR = YES;
				GCC_WARN_UNINITIALIZED_AUTOS = YES_AGGRESSIVE;
				GCC_WARN_UNUSED_FUNCTION = YES;
				GCC_WARN_UNUSED_VARIABLE = YES;
				IPHONEOS_DEPLOYMENT_TARGET = 15.0;
				MTL_ENABLE_DEBUG_INFO = NO;
				MTL_FAST_MATH = YES;
				SDKROOT = iphoneos;
				SWIFT_COMPILATION_MODE = wholemodule;
				SWIFT_OPTIMIZATION_LEVEL = "-O";
				VALIDATE_PRODUCT = YES;
			};
			name = Release;
		};
		A0CA640C280F0E5B0052DA57 /* Debug */ = {
			isa = XCBuildConfiguration;
			buildSettings = {
				ASSETCATALOG_COMPILER_APPICON_NAME = AppIcon;
				ASSETCATALOG_COMPILER_GLOBAL_ACCENT_COLOR_NAME = AccentColor;
				CODE_SIGN_STYLE = Automatic;
				CURRENT_PROJECT_VERSION = 1;
				DEVELOPMENT_ASSET_PATHS = "\"PowerPlay/Preview Content\"";
				DEVELOPMENT_TEAM = 5LHT3Z587H;
				ENABLE_PREVIEWS = YES;
				GENERATE_INFOPLIST_FILE = YES;
				INFOPLIST_FILE = PowerPlay/Info.plist;
				INFOPLIST_KEY_UIApplicationSupportsIndirectInputEvents = YES;
				INFOPLIST_KEY_UILaunchScreen_Generation = YES;
				INFOPLIST_KEY_UISupportedInterfaceOrientations = UIInterfaceOrientationPortrait;
				INFOPLIST_KEY_UISupportedInterfaceOrientations_iPad = "UIInterfaceOrientationPortrait UIInterfaceOrientationPortraitUpsideDown UIInterfaceOrientationLandscapeLeft UIInterfaceOrientationLandscapeRight";
				INFOPLIST_KEY_UISupportedInterfaceOrientations_iPhone = "UIInterfaceOrientationPortrait UIInterfaceOrientationLandscapeLeft UIInterfaceOrientationLandscapeRight";
				LD_RUNPATH_SEARCH_PATHS = (
					"$(inherited)",
					"@executable_path/Frameworks",
				);
				MARKETING_VERSION = 1.0;
				PRODUCT_BUNDLE_IDENTIFIER = com.luisla.PowerPlay;
				PRODUCT_NAME = "$(TARGET_NAME)";
				SWIFT_EMIT_LOC_STRINGS = YES;
				SWIFT_VERSION = 5.0;
				TARGETED_DEVICE_FAMILY = 1;
			};
			name = Debug;
		};
		A0CA640D280F0E5B0052DA57 /* Release */ = {
			isa = XCBuildConfiguration;
			buildSettings = {
				ASSETCATALOG_COMPILER_APPICON_NAME = AppIcon;
				ASSETCATALOG_COMPILER_GLOBAL_ACCENT_COLOR_NAME = AccentColor;
				CODE_SIGN_STYLE = Automatic;
				CURRENT_PROJECT_VERSION = 1;
				DEVELOPMENT_ASSET_PATHS = "\"PowerPlay/Preview Content\"";
				DEVELOPMENT_TEAM = 5LHT3Z587H;
				ENABLE_PREVIEWS = YES;
				GENERATE_INFOPLIST_FILE = YES;
				INFOPLIST_FILE = PowerPlay/Info.plist;
				INFOPLIST_KEY_UIApplicationSupportsIndirectInputEvents = YES;
				INFOPLIST_KEY_UILaunchScreen_Generation = YES;
				INFOPLIST_KEY_UISupportedInterfaceOrientations = UIInterfaceOrientationPortrait;
				INFOPLIST_KEY_UISupportedInterfaceOrientations_iPad = "UIInterfaceOrientationPortrait UIInterfaceOrientationPortraitUpsideDown UIInterfaceOrientationLandscapeLeft UIInterfaceOrientationLandscapeRight";
				INFOPLIST_KEY_UISupportedInterfaceOrientations_iPhone = "UIInterfaceOrientationPortrait UIInterfaceOrientationLandscapeLeft UIInterfaceOrientationLandscapeRight";
				LD_RUNPATH_SEARCH_PATHS = (
					"$(inherited)",
					"@executable_path/Frameworks",
				);
				MARKETING_VERSION = 1.0;
				PRODUCT_BUNDLE_IDENTIFIER = com.luisla.PowerPlay;
				PRODUCT_NAME = "$(TARGET_NAME)";
				SWIFT_EMIT_LOC_STRINGS = YES;
				SWIFT_VERSION = 5.0;
				TARGETED_DEVICE_FAMILY = 1;
			};
			name = Release;
		};
		A0CA640F280F0E5B0052DA57 /* Debug */ = {
			isa = XCBuildConfiguration;
			buildSettings = {
				ALWAYS_EMBED_SWIFT_STANDARD_LIBRARIES = YES;
				BUNDLE_LOADER = "$(TEST_HOST)";
				CODE_SIGN_STYLE = Automatic;
				CURRENT_PROJECT_VERSION = 1;
				DEVELOPMENT_TEAM = 5LHT3Z587H;
				GENERATE_INFOPLIST_FILE = YES;
				IPHONEOS_DEPLOYMENT_TARGET = 15.4;
				MARKETING_VERSION = 1.0;
				PRODUCT_BUNDLE_IDENTIFIER = com.luisla.PowerPlayTests;
				PRODUCT_NAME = "$(TARGET_NAME)";
				SWIFT_EMIT_LOC_STRINGS = NO;
				SWIFT_VERSION = 5.0;
				TARGETED_DEVICE_FAMILY = "1,2";
				TEST_HOST = "$(BUILT_PRODUCTS_DIR)/PowerPlay.app/PowerPlay";
			};
			name = Debug;
		};
		A0CA6410280F0E5B0052DA57 /* Release */ = {
			isa = XCBuildConfiguration;
			buildSettings = {
				ALWAYS_EMBED_SWIFT_STANDARD_LIBRARIES = YES;
				BUNDLE_LOADER = "$(TEST_HOST)";
				CODE_SIGN_STYLE = Automatic;
				CURRENT_PROJECT_VERSION = 1;
				DEVELOPMENT_TEAM = 5LHT3Z587H;
				GENERATE_INFOPLIST_FILE = YES;
				IPHONEOS_DEPLOYMENT_TARGET = 15.4;
				MARKETING_VERSION = 1.0;
				PRODUCT_BUNDLE_IDENTIFIER = com.luisla.PowerPlayTests;
				PRODUCT_NAME = "$(TARGET_NAME)";
				SWIFT_EMIT_LOC_STRINGS = NO;
				SWIFT_VERSION = 5.0;
				TARGETED_DEVICE_FAMILY = "1,2";
				TEST_HOST = "$(BUILT_PRODUCTS_DIR)/PowerPlay.app/PowerPlay";
			};
			name = Release;
		};
		A0CA6412280F0E5B0052DA57 /* Debug */ = {
			isa = XCBuildConfiguration;
			buildSettings = {
				ALWAYS_EMBED_SWIFT_STANDARD_LIBRARIES = YES;
				CODE_SIGN_STYLE = Automatic;
				CURRENT_PROJECT_VERSION = 1;
				DEVELOPMENT_TEAM = 5LHT3Z587H;
				GENERATE_INFOPLIST_FILE = YES;
				MARKETING_VERSION = 1.0;
				PRODUCT_BUNDLE_IDENTIFIER = com.luisla.PowerPlayUITests;
				PRODUCT_NAME = "$(TARGET_NAME)";
				SWIFT_EMIT_LOC_STRINGS = NO;
				SWIFT_VERSION = 5.0;
				TARGETED_DEVICE_FAMILY = "1,2";
				TEST_TARGET_NAME = PowerPlay;
			};
			name = Debug;
		};
		A0CA6413280F0E5B0052DA57 /* Release */ = {
			isa = XCBuildConfiguration;
			buildSettings = {
				ALWAYS_EMBED_SWIFT_STANDARD_LIBRARIES = YES;
				CODE_SIGN_STYLE = Automatic;
				CURRENT_PROJECT_VERSION = 1;
				DEVELOPMENT_TEAM = 5LHT3Z587H;
				GENERATE_INFOPLIST_FILE = YES;
				MARKETING_VERSION = 1.0;
				PRODUCT_BUNDLE_IDENTIFIER = com.luisla.PowerPlayUITests;
				PRODUCT_NAME = "$(TARGET_NAME)";
				SWIFT_EMIT_LOC_STRINGS = NO;
				SWIFT_VERSION = 5.0;
				TARGETED_DEVICE_FAMILY = "1,2";
				TEST_TARGET_NAME = PowerPlay;
			};
			name = Release;
		};
/* End XCBuildConfiguration section */

/* Begin XCConfigurationList section */
		A0CA63DD280F0E580052DA57 /* Build configuration list for PBXProject "PowerPlay" */ = {
			isa = XCConfigurationList;
			buildConfigurations = (
				A0CA6409280F0E5B0052DA57 /* Debug */,
				A0CA640A280F0E5B0052DA57 /* Release */,
			);
			defaultConfigurationIsVisible = 0;
			defaultConfigurationName = Release;
		};
		A0CA640B280F0E5B0052DA57 /* Build configuration list for PBXNativeTarget "PowerPlay" */ = {
			isa = XCConfigurationList;
			buildConfigurations = (
				A0CA640C280F0E5B0052DA57 /* Debug */,
				A0CA640D280F0E5B0052DA57 /* Release */,
			);
			defaultConfigurationIsVisible = 0;
			defaultConfigurationName = Release;
		};
		A0CA640E280F0E5B0052DA57 /* Build configuration list for PBXNativeTarget "PowerPlayTests" */ = {
			isa = XCConfigurationList;
			buildConfigurations = (
				A0CA640F280F0E5B0052DA57 /* Debug */,
				A0CA6410280F0E5B0052DA57 /* Release */,
			);
			defaultConfigurationIsVisible = 0;
			defaultConfigurationName = Release;
		};
		A0CA6411280F0E5B0052DA57 /* Build configuration list for PBXNativeTarget "PowerPlayUITests" */ = {
			isa = XCConfigurationList;
			buildConfigurations = (
				A0CA6412280F0E5B0052DA57 /* Debug */,
				A0CA6413280F0E5B0052DA57 /* Release */,
			);
			defaultConfigurationIsVisible = 0;
			defaultConfigurationName = Release;
		};
/* End XCConfigurationList section */

/* Begin XCRemoteSwiftPackageReference section */
		B6346EDD281931DD00F170A5 /* XCRemoteSwiftPackageReference "realm-swift" */ = {
			isa = XCRemoteSwiftPackageReference;
			repositoryURL = "https://github.com/realm/realm-swift.git";
			requirement = {
				branch = master;
				kind = branch;
			};
		};
/* End XCRemoteSwiftPackageReference section */

/* Begin XCSwiftPackageProductDependency section */
		B6346EDE281931DD00F170A5 /* Realm */ = {
			isa = XCSwiftPackageProductDependency;
			package = B6346EDD281931DD00F170A5 /* XCRemoteSwiftPackageReference "realm-swift" */;
			productName = Realm;
		};
		B6346EE0281931DD00F170A5 /* RealmSwift */ = {
			isa = XCSwiftPackageProductDependency;
			package = B6346EDD281931DD00F170A5 /* XCRemoteSwiftPackageReference "realm-swift" */;
			productName = RealmSwift;
		};
/* End XCSwiftPackageProductDependency section */

/* Begin XCVersionGroup section */
		A0CA63F0280F0E5B0052DA57 /* PowerPlay.xcdatamodeld */ = {
			isa = XCVersionGroup;
			children = (
				A0CA63F1280F0E5B0052DA57 /* PowerPlay.xcdatamodel */,
			);
			currentVersion = A0CA63F1280F0E5B0052DA57 /* PowerPlay.xcdatamodel */;
			path = PowerPlay.xcdatamodeld;
			sourceTree = "<group>";
			versionGroupType = wrapper.xcdatamodel;
		};
/* End XCVersionGroup section */
	};
	rootObject = A0CA63DA280F0E580052DA57 /* Project object */;
}
